
Microsoft Visual Studio Solution File, Format Version 12.00
# Visual Studio 15
Project("{FAE04EC0-301F-11D3-BF4B-00C04F79EFBC}") = "Assembly-CSharp", "Assembly-CSharp.csproj", "{AA7CE18C-50FF-83AA-4916-1BC992B1D95D}"
EndProject
Global
	GlobalSection(SolutionConfigurationPlatforms) = preSolution
		Debug|Any CPU = Debug|Any CPU
		Release|Any CPU = Release|Any CPU
	EndGlobalSection
	GlobalSection(ProjectConfigurationPlatforms) = postSolution
		{AA7CE18C-50FF-83AA-4916-1BC992B1D95D}.Debug|Any CPU.ActiveCfg = Debug|Any CPU
		{AA7CE18C-50FF-83AA-4916-1BC992B1D95D}.Debug|Any CPU.Build.0 = Debug|Any CPU
		{AA7CE18C-50FF-83AA-4916-1BC992B1D95D}.Release|Any CPU.ActiveCfg = Release|Any CPU
		{AA7CE18C-50FF-83AA-4916-1BC992B1D95D}.Release|Any CPU.Build.0 = Release|Any CPU
	EndGlobalSection
	GlobalSection(SolutionProperties) = preSolution
		HideSolutionNode = FALSE
	EndGlobalSection
EndGlobal
